
Microsoft Visual Studio Solution File, Format Version 12.00
# Visual Studio Version 16
VisualStudioVersion = 16.0.31702.278
MinimumVisualStudioVersion = 10.0.40219.1
Project("{FAE04EC0-301F-11D3-BF4B-00C04F79EFBC}") = "TP_CAI", "TP_CAI\TP_CAI.csproj", "{2CD9EA8F-9426-4017-AAE7-A409B4C673C3}"
EndProject
Global
	GlobalSection(SolutionConfigurationPlatforms) = preSolution
		Debug|Any CPU = Debug|Any CPU
		Release|Any CPU = Release|Any CPU
	EndGlobalSection
	GlobalSection(ProjectConfigurationPlatforms) = postSolution
		{2CD9EA8F-9426-4017-AAE7-A409B4C673C3}.Debug|Any CPU.ActiveCfg = Debug|Any CPU
		{2CD9EA8F-9426-4017-AAE7-A409B4C673C3}.Debug|Any CPU.Build.0 = Debug|Any CPU
		{2CD9EA8F-9426-4017-AAE7-A409B4C673C3}.Release|Any CPU.ActiveCfg = Release|Any CPU
		{2CD9EA8F-9426-4017-AAE7-A409B4C673C3}.Release|Any CPU.Build.0 = Release|Any CPU
	EndGlobalSection
	GlobalSection(SolutionProperties) = preSolution
		HideSolutionNode = FALSE
	EndGlobalSection
	GlobalSection(ExtensibilityGlobals) = postSolution
		SolutionGuid = {5F271B8C-8233-42DF-B09F-EF5F8FB7612F}
	EndGlobalSection
EndGlobal
